Microsoft Visual Studio Solution File, Format Version 12.00
# Visual Studio Version 17
VisualStudioVersion = 17.5.2.0
MinimumVisualStudioVersion = 10.0.40219.1
Project("{FAE04EC0-301F-11D3-BF4B-00C04F79EFBC}") = "ProfessionalPayments", "ProfessionalPayments.csproj", "{1B26C5B8-94EA-8551-B81D-E64F217C8917}"
EndProject
Global
	GlobalSection(SolutionConfigurationPlatforms) = preSolution
		Debug|Any CPU = Debug|Any CPU
		Release|Any CPU = Release|Any CPU
	EndGlobalSection
	GlobalSection(ProjectConfigurationPlatforms) = postSolution
		{1B26C5B8-94EA-8551-B81D-E64F217C8917}.Debug|Any CPU.ActiveCfg = Debug|Any CPU
		{1B26C5B8-94EA-8551-B81D-E64F217C8917}.Debug|Any CPU.Build.0 = Debug|Any CPU
		{1B26C5B8-94EA-8551-B81D-E64F217C8917}.Release|Any CPU.ActiveCfg = Release|Any CPU
		{1B26C5B8-94EA-8551-B81D-E64F217C8917}.Release|Any CPU.Build.0 = Release|Any CPU
	EndGlobalSection
	GlobalSection(SolutionProperties) = preSolution
		HideSolutionNode = FALSE
	EndGlobalSection
	GlobalSection(ExtensibilityGlobals) = postSolution
		SolutionGuid = {4AAE1E4A-77CA-4C8E-93A8-DCB1A861E546}
	EndGlobalSection
EndGlobal
